
Microsoft Visual Studio Solution File, Format Version 12.00
# Visual Studio Version 16
VisualStudioVersion = 16.0.29519.181
MinimumVisualStudioVersion = 10.0.40219.1
Project("{9A19103F-16F7-4668-BE54-9A1E7A4F7556}") = "WebAPI", "WebAPI\WebAPI.csproj", "{F9F0BC32-B04B-4B75-B5DC-46F63722C11F}"
EndProject
Project("{9A19103F-16F7-4668-BE54-9A1E7A4F7556}") = "MvcApp", "MvcApp\MvcApp.csproj", "{0EF3CB4C-85E4-41E5-8695-5FED6A48E509}"
EndProject
Project("{9A19103F-16F7-4668-BE54-9A1E7A4F7556}") = "Identity4", "Identity4\Identity4.csproj", "{557E1864-F43C-4C92-B766-939B891F11E6}"
EndProject
Project("{2150E333-8FDC-42A3-9474-1A3956D46DE8}") = "Presentation", "Presentation", "{679584F3-B47D-4F44-980D-181ECE4FE577}"
EndProject
Project("{2150E333-8FDC-42A3-9474-1A3956D46DE8}") = "DAL", "DAL", "{66D7D20A-567F-4A96-9A6E-312F814EF0EA}"
EndProject
Project("{2150E333-8FDC-42A3-9474-1A3956D46DE8}") = "Business", "Business", "{973A0238-EBE0-4673-8BC4-3D37423FA268}"
EndProject
Project("{2150E333-8FDC-42A3-9474-1A3956D46DE8}") = "API", "API", "{B1FD44AB-61F1-4927-BF4F-DAE80764B592}"
EndProject
Project("{2150E333-8FDC-42A3-9474-1A3956D46DE8}") = "IdentityProvider", "IdentityProvider", "{F02E39A9-65C5-41AD-99B0-405324D3B8DB}"
EndProject
Project("{9A19103F-16F7-4668-BE54-9A1E7A4F7556}") = "AngularApp", "AngularApp\AngularApp.csproj", "{F7A8DCB6-0CAF-4E4C-BA4E-D3A666497749}"
EndProject
Project("{9A19103F-16F7-4668-BE54-9A1E7A4F7556}") = "Identity4Ef", "Identity4Ef\Identity4Ef.csproj", "{BDDCC665-EFE9-4CA4-95DB-502C98E2FA8D}"
EndProject
Project("{FAE04EC0-301F-11D3-BF4B-00C04F79EFBC}") = "IdentityServerAspNetIdentity", "IdentityServerAspNetIdentity\IdentityServerAspNetIdentity.csproj", "{F73FE332-6BBE-462C-866F-432EEFF8336A}"
EndProject
Global
	GlobalSection(SolutionConfigurationPlatforms) = preSolution
		Debug|Any CPU = Debug|Any CPU
		Release|Any CPU = Release|Any CPU
	EndGlobalSection
	GlobalSection(ProjectConfigurationPlatforms) = postSolution
		{F9F0BC32-B04B-4B75-B5DC-46F63722C11F}.Debug|Any CPU.ActiveCfg = Debug|Any CPU
		{F9F0BC32-B04B-4B75-B5DC-46F63722C11F}.Debug|Any CPU.Build.0 = Debug|Any CPU
		{F9F0BC32-B04B-4B75-B5DC-46F63722C11F}.Release|Any CPU.ActiveCfg = Release|Any CPU
		{F9F0BC32-B04B-4B75-B5DC-46F63722C11F}.Release|Any CPU.Build.0 = Release|Any CPU
		{0EF3CB4C-85E4-41E5-8695-5FED6A48E509}.Debug|Any CPU.ActiveCfg = Debug|Any CPU
		{0EF3CB4C-85E4-41E5-8695-5FED6A48E509}.Debug|Any CPU.Build.0 = Debug|Any CPU
		{0EF3CB4C-85E4-41E5-8695-5FED6A48E509}.Release|Any CPU.ActiveCfg = Release|Any CPU
		{0EF3CB4C-85E4-41E5-8695-5FED6A48E509}.Release|Any CPU.Build.0 = Release|Any CPU
		{557E1864-F43C-4C92-B766-939B891F11E6}.Debug|Any CPU.ActiveCfg = Debug|Any CPU
		{557E1864-F43C-4C92-B766-939B891F11E6}.Debug|Any CPU.Build.0 = Debug|Any CPU
		{557E1864-F43C-4C92-B766-939B891F11E6}.Release|Any CPU.ActiveCfg = Release|Any CPU
		{557E1864-F43C-4C92-B766-939B891F11E6}.Release|Any CPU.Build.0 = Release|Any CPU
		{F7A8DCB6-0CAF-4E4C-BA4E-D3A666497749}.Debug|Any CPU.ActiveCfg = Debug|Any CPU
		{F7A8DCB6-0CAF-4E4C-BA4E-D3A666497749}.Debug|Any CPU.Build.0 = Debug|Any CPU
		{F7A8DCB6-0CAF-4E4C-BA4E-D3A666497749}.Release|Any CPU.ActiveCfg = Release|Any CPU
		{F7A8DCB6-0CAF-4E4C-BA4E-D3A666497749}.Release|Any CPU.Build.0 = Release|Any CPU
		{BDDCC665-EFE9-4CA4-95DB-502C98E2FA8D}.Debug|Any CPU.ActiveCfg = Debug|Any CPU
		{BDDCC665-EFE9-4CA4-95DB-502C98E2FA8D}.Debug|Any CPU.Build.0 = Debug|Any CPU
		{BDDCC665-EFE9-4CA4-95DB-502C98E2FA8D}.Release|Any CPU.ActiveCfg = Release|Any CPU
		{BDDCC665-EFE9-4CA4-95DB-502C98E2FA8D}.Release|Any CPU.Build.0 = Release|Any CPU
		{F73FE332-6BBE-462C-866F-432EEFF8336A}.Debug|Any CPU.ActiveCfg = Debug|Any CPU
		{F73FE332-6BBE-462C-866F-432EEFF8336A}.Debug|Any CPU.Build.0 = Debug|Any CPU
		{F73FE332-6BBE-462C-866F-432EEFF8336A}.Release|Any CPU.ActiveCfg = Release|Any CPU
		{F73FE332-6BBE-462C-866F-432EEFF8336A}.Release|Any CPU.Build.0 = Release|Any CPU
	EndGlobalSection
	GlobalSection(SolutionProperties) = preSolution
		HideSolutionNode = FALSE
	EndGlobalSection
	GlobalSection(NestedProjects) = preSolution
		{F9F0BC32-B04B-4B75-B5DC-46F63722C11F} = {B1FD44AB-61F1-4927-BF4F-DAE80764B592}
		{0EF3CB4C-85E4-41E5-8695-5FED6A48E509} = {679584F3-B47D-4F44-980D-181ECE4FE577}
		{557E1864-F43C-4C92-B766-939B891F11E6} = {F02E39A9-65C5-41AD-99B0-405324D3B8DB}
		{F7A8DCB6-0CAF-4E4C-BA4E-D3A666497749} = {679584F3-B47D-4F44-980D-181ECE4FE577}
	EndGlobalSection
	GlobalSection(ExtensibilityGlobals) = postSolution
		SolutionGuid = {DD1CD9FB-308E-4DAC-9112-18F58E8708AB}
	EndGlobalSection
EndGlobal
